{
  "lockVersion": 1,
  "targetFramework": "net10.0",
  "runtime": "ASP.NET Core .NET 10 container image",
  "containerImage": "mcr.microsoft.com/dotnet/aspnet:10.0",
  "packages": {},
  "compatibility": {
    "hostingService": "Azure Container Apps",
    "hostingPlan": "Consumption",
    "scaleToZero": true,
    "containerRegistry": "Azure Container Registry",
    "containerRegistrySku": "Basic",
    "applicationImage": "acrairlinedemoswcdemo.azurecr.io/airlinedemo:net10.0"
  },
  "note": "This is a non-secret planning lock for the existing ASP.NET Core application image; it does not authorize provisioning or spending."
}
